
Microsoft Visual Studio Solution File, Format Version 12.00
# Visual Studio 2013
VisualStudioVersion = 12.0.30723.0
MinimumVisualStudioVersion = 10.0.40219.1
Project("{FAE04EC0-301F-11D3-BF4B-00C04F79EFBC}") = "ShotclockXaml", "ShotClockXaml\ShotclockXaml.csproj", "{D64FCEC2-4E9E-4F4E-AF87-1965B8F0AE46}"
EndProject
Project("{FAE04EC0-301F-11D3-BF4B-00C04F79EFBC}") = "DigitsViewLib", "DigitsViewLib\DigitsViewLib.csproj", "{A63243C6-3EFA-4EBB-AE7A-F900DA0CD667}"
EndProject
Project("{6141683F-8A12-4E36-9623-2EB02B2C2303}") = "Install", "Install\Install.isproj", "{C2F3052D-9983-4995-83C5-F823A7FF38C7}"
EndProject
Global
	GlobalSection(SolutionConfigurationPlatforms) = preSolution
		CD_ROM|Any CPU = CD_ROM|Any CPU
		CD_ROM|x64 = CD_ROM|x64
		Debug|Any CPU = Debug|Any CPU
		Debug|x64 = Debug|x64
		DVD-5|Any CPU = DVD-5|Any CPU
		DVD-5|x64 = DVD-5|x64
		Release|Any CPU = Release|Any CPU
		Release|x64 = Release|x64
		SingleImage|Any CPU = SingleImage|Any CPU
		SingleImage|x64 = SingleImage|x64
	EndGlobalSection
	GlobalSection(ProjectConfigurationPlatforms) = postSolution
		{D64FCEC2-4E9E-4F4E-AF87-1965B8F0AE46}.CD_ROM|Any CPU.ActiveCfg = Release|Any CPU
		{D64FCEC2-4E9E-4F4E-AF87-1965B8F0AE46}.CD_ROM|Any CPU.Build.0 = Release|Any CPU
		{D64FCEC2-4E9E-4F4E-AF87-1965B8F0AE46}.CD_ROM|x64.ActiveCfg = Release|x64
		{D64FCEC2-4E9E-4F4E-AF87-1965B8F0AE46}.CD_ROM|x64.Build.0 = Release|x64
		{D64FCEC2-4E9E-4F4E-AF87-1965B8F0AE46}.Debug|Any CPU.ActiveCfg = Debug|Any CPU
		{D64FCEC2-4E9E-4F4E-AF87-1965B8F0AE46}.Debug|Any CPU.Build.0 = Debug|Any CPU
		{D64FCEC2-4E9E-4F4E-AF87-1965B8F0AE46}.Debug|x64.ActiveCfg = Debug|x64
		{D64FCEC2-4E9E-4F4E-AF87-1965B8F0AE46}.Debug|x64.Build.0 = Debug|x64
		{D64FCEC2-4E9E-4F4E-AF87-1965B8F0AE46}.DVD-5|Any CPU.ActiveCfg = Debug|Any CPU
		{D64FCEC2-4E9E-4F4E-AF87-1965B8F0AE46}.DVD-5|Any CPU.Build.0 = Debug|Any CPU
		{D64FCEC2-4E9E-4F4E-AF87-1965B8F0AE46}.DVD-5|x64.ActiveCfg = Debug|x64
		{D64FCEC2-4E9E-4F4E-AF87-1965B8F0AE46}.DVD-5|x64.Build.0 = Debug|x64
		{D64FCEC2-4E9E-4F4E-AF87-1965B8F0AE46}.Release|Any CPU.ActiveCfg = Release|Any CPU
		{D64FCEC2-4E9E-4F4E-AF87-1965B8F0AE46}.Release|Any CPU.Build.0 = Release|Any CPU
		{D64FCEC2-4E9E-4F4E-AF87-1965B8F0AE46}.Release|x64.ActiveCfg = Release|x64
		{D64FCEC2-4E9E-4F4E-AF87-1965B8F0AE46}.Release|x64.Build.0 = Release|x64
		{D64FCEC2-4E9E-4F4E-AF87-1965B8F0AE46}.SingleImage|Any CPU.ActiveCfg = Release|Any CPU
		{D64FCEC2-4E9E-4F4E-AF87-1965B8F0AE46}.SingleImage|Any CPU.Build.0 = Release|Any CPU
		{D64FCEC2-4E9E-4F4E-AF87-1965B8F0AE46}.SingleImage|x64.ActiveCfg = Release|x64
		{D64FCEC2-4E9E-4F4E-AF87-1965B8F0AE46}.SingleImage|x64.Build.0 = Release|x64
		{A63243C6-3EFA-4EBB-AE7A-F900DA0CD667}.CD_ROM|Any CPU.ActiveCfg = Release|Any CPU
		{A63243C6-3EFA-4EBB-AE7A-F900DA0CD667}.CD_ROM|Any CPU.Build.0 = Release|Any CPU
		{A63243C6-3EFA-4EBB-AE7A-F900DA0CD667}.CD_ROM|x64.ActiveCfg = Release|Any CPU
		{A63243C6-3EFA-4EBB-AE7A-F900DA0CD667}.Debug|Any CPU.ActiveCfg = Debug|Any CPU
		{A63243C6-3EFA-4EBB-AE7A-F900DA0CD667}.Debug|Any CPU.Build.0 = Debug|Any CPU
		{A63243C6-3EFA-4EBB-AE7A-F900DA0CD667}.Debug|x64.ActiveCfg = Debug|Any CPU
		{A63243C6-3EFA-4EBB-AE7A-F900DA0CD667}.DVD-5|Any CPU.ActiveCfg = Debug|Any CPU
		{A63243C6-3EFA-4EBB-AE7A-F900DA0CD667}.DVD-5|Any CPU.Build.0 = Debug|Any CPU
		{A63243C6-3EFA-4EBB-AE7A-F900DA0CD667}.DVD-5|x64.ActiveCfg = Debug|Any CPU
		{A63243C6-3EFA-4EBB-AE7A-F900DA0CD667}.Release|Any CPU.ActiveCfg = Release|Any CPU
		{A63243C6-3EFA-4EBB-AE7A-F900DA0CD667}.Release|Any CPU.Build.0 = Release|Any CPU
		{A63243C6-3EFA-4EBB-AE7A-F900DA0CD667}.Release|x64.ActiveCfg = Release|Any CPU
		{A63243C6-3EFA-4EBB-AE7A-F900DA0CD667}.SingleImage|Any CPU.ActiveCfg = Release|Any CPU
		{A63243C6-3EFA-4EBB-AE7A-F900DA0CD667}.SingleImage|Any CPU.Build.0 = Release|Any CPU
		{A63243C6-3EFA-4EBB-AE7A-F900DA0CD667}.SingleImage|x64.ActiveCfg = Release|Any CPU
		{C2F3052D-9983-4995-83C5-F823A7FF38C7}.CD_ROM|Any CPU.ActiveCfg = CD_ROM
		{C2F3052D-9983-4995-83C5-F823A7FF38C7}.CD_ROM|Any CPU.Build.0 = CD_ROM
		{C2F3052D-9983-4995-83C5-F823A7FF38C7}.CD_ROM|x64.ActiveCfg = CD_ROM
		{C2F3052D-9983-4995-83C5-F823A7FF38C7}.CD_ROM|x64.Build.0 = CD_ROM
		{C2F3052D-9983-4995-83C5-F823A7FF38C7}.Debug|Any CPU.ActiveCfg = DVD-5
		{C2F3052D-9983-4995-83C5-F823A7FF38C7}.Debug|Any CPU.Build.0 = DVD-5
		{C2F3052D-9983-4995-83C5-F823A7FF38C7}.Debug|x64.ActiveCfg = DVD-5
		{C2F3052D-9983-4995-83C5-F823A7FF38C7}.Debug|x64.Build.0 = DVD-5
		{C2F3052D-9983-4995-83C5-F823A7FF38C7}.DVD-5|Any CPU.ActiveCfg = DVD-5
		{C2F3052D-9983-4995-83C5-F823A7FF38C7}.DVD-5|Any CPU.Build.0 = DVD-5
		{C2F3052D-9983-4995-83C5-F823A7FF38C7}.DVD-5|x64.ActiveCfg = DVD-5
		{C2F3052D-9983-4995-83C5-F823A7FF38C7}.DVD-5|x64.Build.0 = DVD-5
		{C2F3052D-9983-4995-83C5-F823A7FF38C7}.Release|Any CPU.ActiveCfg = SingleImage
		{C2F3052D-9983-4995-83C5-F823A7FF38C7}.Release|Any CPU.Build.0 = SingleImage
		{C2F3052D-9983-4995-83C5-F823A7FF38C7}.Release|x64.ActiveCfg = SingleImage
		{C2F3052D-9983-4995-83C5-F823A7FF38C7}.Release|x64.Build.0 = SingleImage
		{C2F3052D-9983-4995-83C5-F823A7FF38C7}.SingleImage|Any CPU.ActiveCfg = SingleImage
		{C2F3052D-9983-4995-83C5-F823A7FF38C7}.SingleImage|Any CPU.Build.0 = SingleImage
		{C2F3052D-9983-4995-83C5-F823A7FF38C7}.SingleImage|x64.ActiveCfg = SingleImage
		{C2F3052D-9983-4995-83C5-F823A7FF38C7}.SingleImage|x64.Build.0 = SingleImage
	EndGlobalSection
	GlobalSection(SolutionProperties) = preSolution
		HideSolutionNode = FALSE
	EndGlobalSection
EndGlobal
